
Microsoft Visual Studio Solution File, Format Version 12.00
# Visual Studio 15
Project("{FAE04EC0-301F-11D3-BF4B-00C04F79EFBC}") = "Assembly-CSharp", "Assembly-CSharp.csproj", "{9D4B1AA5-B467-A134-F0D6-1413C25F670B}"
EndProject
Project("{FAE04EC0-301F-11D3-BF4B-00C04F79EFBC}") = "Assembly-CSharp-firstpass", "Assembly-CSharp-firstpass.csproj", "{940D9169-DE1E-00AB-6988-3967EEF080CA}"
EndProject
Project("{FAE04EC0-301F-11D3-BF4B-00C04F79EFBC}") = "Assembly-CSharp-Editor-firstpass", "Assembly-CSharp-Editor-firstpass.csproj", "{A9629A67-7651-84A8-6EAE-1F8B7968D7C5}"
EndProject
Global
	GlobalSection(SolutionConfigurationPlatforms) = preSolution
		Debug|Any CPU = Debug|Any CPU
		Release|Any CPU = Release|Any CPU
	EndGlobalSection
	GlobalSection(ProjectConfigurationPlatforms) = postSolution
		{9D4B1AA5-B467-A134-F0D6-1413C25F670B}.Debug|Any CPU.ActiveCfg = Debug|Any CPU
		{9D4B1AA5-B467-A134-F0D6-1413C25F670B}.Debug|Any CPU.Build.0 = Debug|Any CPU
		{9D4B1AA5-B467-A134-F0D6-1413C25F670B}.Release|Any CPU.ActiveCfg = Release|Any CPU
		{9D4B1AA5-B467-A134-F0D6-1413C25F670B}.Release|Any CPU.Build.0 = Release|Any CPU
		{940D9169-DE1E-00AB-6988-3967EEF080CA}.Debug|Any CPU.ActiveCfg = Debug|Any CPU
		{940D9169-DE1E-00AB-6988-3967EEF080CA}.Debug|Any CPU.Build.0 = Debug|Any CPU
		{940D9169-DE1E-00AB-6988-3967EEF080CA}.Release|Any CPU.ActiveCfg = Release|Any CPU
		{940D9169-DE1E-00AB-6988-3967EEF080CA}.Release|Any CPU.Build.0 = Release|Any CPU
		{A9629A67-7651-84A8-6EAE-1F8B7968D7C5}.Debug|Any CPU.ActiveCfg = Debug|Any CPU
		{A9629A67-7651-84A8-6EAE-1F8B7968D7C5}.Debug|Any CPU.Build.0 = Debug|Any CPU
		{A9629A67-7651-84A8-6EAE-1F8B7968D7C5}.Release|Any CPU.ActiveCfg = Release|Any CPU
		{A9629A67-7651-84A8-6EAE-1F8B7968D7C5}.Release|Any CPU.Build.0 = Release|Any CPU
	EndGlobalSection
	GlobalSection(SolutionProperties) = preSolution
		HideSolutionNode = FALSE
	EndGlobalSection
EndGlobal
